
Microsoft Visual Studio Solution File, Format Version 12.00
# Visual Studio 15
VisualStudioVersion = 15.0.28307.960
MinimumVisualStudioVersion = 10.0.40219.1
Project("{FAE04EC0-301F-11D3-BF4B-00C04F79EFBC}") = "WF_Form_List", "WF_Form_List\WF_Form_List.csproj", "{28C3CF22-4FF6-4AAB-A887-481CE6E212E9}"
EndProject
Global
	GlobalSection(SolutionConfigurationPlatforms) = preSolution
		Debug|Any CPU = Debug|Any CPU
		Release|Any CPU = Release|Any CPU
	EndGlobalSection
	GlobalSection(ProjectConfigurationPlatforms) = postSolution
		{28C3CF22-4FF6-4AAB-A887-481CE6E212E9}.Debug|Any CPU.ActiveCfg = Debug|Any CPU
		{28C3CF22-4FF6-4AAB-A887-481CE6E212E9}.Debug|Any CPU.Build.0 = Debug|Any CPU
		{28C3CF22-4FF6-4AAB-A887-481CE6E212E9}.Release|Any CPU.ActiveCfg = Release|Any CPU
		{28C3CF22-4FF6-4AAB-A887-481CE6E212E9}.Release|Any CPU.Build.0 = Release|Any CPU
	EndGlobalSection
	GlobalSection(SolutionProperties) = preSolution
		HideSolutionNode = FALSE
	EndGlobalSection
	GlobalSection(ExtensibilityGlobals) = postSolution
		SolutionGuid = {1ECF53AF-E797-45FC-A1F0-42A418C4E22E}
	EndGlobalSection
EndGlobal
